
Microsoft Visual Studio Solution File, Format Version 12.00
# Visual Studio Version 16
VisualStudioVersion = 16.0.31321.278
MinimumVisualStudioVersion = 10.0.40219.1
Project("{FAE04EC0-301F-11D3-BF4B-00C04F79EFBC}") = "tzssst", "tzssst.csproj", "{22AF84B1-ADAC-403E-A02C-CC96194DFD4A}"
EndProject
Global
	GlobalSection(SolutionConfigurationPlatforms) = preSolution
		Debug|Any CPU = Debug|Any CPU
		Release|Any CPU = Release|Any CPU
	EndGlobalSection
	GlobalSection(ProjectConfigurationPlatforms) = postSolution
		{22AF84B1-ADAC-403E-A02C-CC96194DFD4A}.Debug|Any CPU.ActiveCfg = Debug|Any CPU
		{22AF84B1-ADAC-403E-A02C-CC96194DFD4A}.Debug|Any CPU.Build.0 = Debug|Any CPU
		{22AF84B1-ADAC-403E-A02C-CC96194DFD4A}.Release|Any CPU.ActiveCfg = Release|Any CPU
		{22AF84B1-ADAC-403E-A02C-CC96194DFD4A}.Release|Any CPU.Build.0 = Release|Any CPU
	EndGlobalSection
	GlobalSection(SolutionProperties) = preSolution
		HideSolutionNode = FALSE
	EndGlobalSection
	GlobalSection(ExtensibilityGlobals) = postSolution
		SolutionGuid = {3999E88D-FADA-4001-9073-60BBAE945A82}
	EndGlobalSection
EndGlobal
